
Microsoft Visual Studio Solution File, Format Version 12.00
# Visual Studio Version 17
VisualStudioVersion = 17.7.34024.191
MinimumVisualStudioVersion = 10.0.40219.1
Project("{FAE04EC0-301F-11D3-BF4B-00C04F79EFBC}") = "Uppgift 5.1 inl C-A", "Uppgift 5.1 inl C-A\Uppgift 5.1 inl C-A.csproj", "{9B693D9E-A42E-43A1-ABD0-6864A22600AD}"
EndProject
Global
	GlobalSection(SolutionConfigurationPlatforms) = preSolution
		Debug|Any CPU = Debug|Any CPU
		Release|Any CPU = Release|Any CPU
	EndGlobalSection
	GlobalSection(ProjectConfigurationPlatforms) = postSolution
		{9B693D9E-A42E-43A1-ABD0-6864A22600AD}.Debug|Any CPU.ActiveCfg = Debug|Any CPU
		{9B693D9E-A42E-43A1-ABD0-6864A22600AD}.Debug|Any CPU.Build.0 = Debug|Any CPU
		{9B693D9E-A42E-43A1-ABD0-6864A22600AD}.Release|Any CPU.ActiveCfg = Release|Any CPU
		{9B693D9E-A42E-43A1-ABD0-6864A22600AD}.Release|Any CPU.Build.0 = Release|Any CPU
	EndGlobalSection
	GlobalSection(SolutionProperties) = preSolution
		HideSolutionNode = FALSE
	EndGlobalSection
	GlobalSection(ExtensibilityGlobals) = postSolution
		SolutionGuid = {EDEEDD52-B5F7-45CE-89CB-2727C19A48C7}
	EndGlobalSection
EndGlobal
